
Microsoft Visual Studio Solution File, Format Version 12.00
# Visual Studio Version 18
VisualStudioVersion = 18.6.11822.322 stable
MinimumVisualStudioVersion = 10.0.40219.1
Project("{FAE04EC0-301F-11D3-BF4B-00C04F79EFBC}") = "Timer", "Timer\Timer.csproj", "{1902AAD1-E50D-43AE-A7C3-9C3D9B068200}"
EndProject
Global
	GlobalSection(SolutionConfigurationPlatforms) = preSolution
		Debug|Any CPU = Debug|Any CPU
		Release|Any CPU = Release|Any CPU
	EndGlobalSection
	GlobalSection(ProjectConfigurationPlatforms) = postSolution
		{1902AAD1-E50D-43AE-A7C3-9C3D9B068200}.Debug|Any CPU.ActiveCfg = Debug|Any CPU
		{1902AAD1-E50D-43AE-A7C3-9C3D9B068200}.Debug|Any CPU.Build.0 = Debug|Any CPU
		{1902AAD1-E50D-43AE-A7C3-9C3D9B068200}.Release|Any CPU.ActiveCfg = Release|Any CPU
		{1902AAD1-E50D-43AE-A7C3-9C3D9B068200}.Release|Any CPU.Build.0 = Release|Any CPU
	EndGlobalSection
	GlobalSection(SolutionProperties) = preSolution
		HideSolutionNode = FALSE
	EndGlobalSection
	GlobalSection(ExtensibilityGlobals) = postSolution
		SolutionGuid = {CFD6F911-3ED8-42A9-B205-A0081232731D}
	EndGlobalSection
EndGlobal
